// !$*UTF8*$!
{
	archiveVersion = 1;
	classes = {
	};
	objectVersion = 51;
	objects = {

/* Begin PBXBuildFile section */
		0B381DBC269B5CD80037E9BA /* NewReleasesCellViewModel.swift in Sources */ = {isa = PBXBuildFile; fileRef = 0B381DBB269B5CD80037E9BA /* NewReleasesCellViewModel.swift */; };
		0B381DBE269B7ADD0037E9BA /* FeaturedPlaylistCellViewModel.swift in Sources */ = {isa = PBXBuildFile; fileRef = 0B381DBD269B7ADD0037E9BA /* FeaturedPlaylistCellViewModel.swift */; };
		0B381DC0269B7B8F0037E9BA /* RecommendedTrackCollectionViewModel.swift in Sources */ = {isa = PBXBuildFile; fileRef = 0B381DBF269B7B8F0037E9BA /* RecommendedTrackCollectionViewModel.swift */; };
		0B3827FC2697745C009862A4 /* Extensions.swift in Sources */ = {isa = PBXBuildFile; fileRef = 0B3827FB2697745C009862A4 /* Extensions.swift */; };
		0B6031F72698C64B007BD6E3 /* SettingsModel.swift in Sources */ = {isa = PBXBuildFile; fileRef = 0B6031F62698C64B007BD6E3 /* SettingsModel.swift */; };
		0B78D7B1269789C5003BDE98 /* AuthResponse.swift in Sources */ = {isa = PBXBuildFile; fileRef = 0B78D7B0269789C5003BDE98 /* AuthResponse.swift */; };
		0BAFCABD269A14110064CAE5 /* NewReleasesResponse.swift in Sources */ = {isa = PBXBuildFile; fileRef = 0BAFCABC269A14110064CAE5 /* NewReleasesResponse.swift */; };
		0BAFCABF269A15E40064CAE5 /* APIImages.swift in Sources */ = {isa = PBXBuildFile; fileRef = 0BAFCABE269A15E40064CAE5 /* APIImages.swift */; };
		0BAFCAC1269A1A080064CAE5 /* FeaturedPlaylistResponse.swift in Sources */ = {isa = PBXBuildFile; fileRef = 0BAFCAC0269A1A080064CAE5 /* FeaturedPlaylistResponse.swift */; };
		0BAFCAC3269A21090064CAE5 /* RecommendationGenres.swift in Sources */ = {isa = PBXBuildFile; fileRef = 0BAFCAC2269A21090064CAE5 /* RecommendationGenres.swift */; };
		0BAFCAC5269A251B0064CAE5 /* RecommendationReponse.swift in Sources */ = {isa = PBXBuildFile; fileRef = 0BAFCAC4269A251B0064CAE5 /* RecommendationReponse.swift */; };
		0BAFCAC8269A39710064CAE5 /* NewReleaseCollectionViewCell.swift in Sources */ = {isa = PBXBuildFile; fileRef = 0BAFCAC7269A39710064CAE5 /* NewReleaseCollectionViewCell.swift */; };
		0BAFCACA269A39A30064CAE5 /* FeaturedPlaylistCollectionViewCell.swift in Sources */ = {isa = PBXBuildFile; fileRef = 0BAFCAC9269A39A30064CAE5 /* FeaturedPlaylistCollectionViewCell.swift */; };
		0BAFCACC269A39CB0064CAE5 /* RecommendedTrackCollectionViewCell.swift in Sources */ = {isa = PBXBuildFile; fileRef = 0BAFCACB269A39CB0064CAE5 /* RecommendedTrackCollectionViewCell.swift */; };
		0BF16E5F26920841007F2F9B /* TabBarViewController.swift in Sources */ = {isa = PBXBuildFile; fileRef = 0BF16E5E26920841007F2F9B /* TabBarViewController.swift */; };
		0BF16E62269208B6007F2F9B /* SearchViewController.swift in Sources */ = {isa = PBXBuildFile; fileRef = 0BF16E61269208B6007F2F9B /* SearchViewController.swift */; };
		0BF16E66269208E0007F2F9B /* LibraryViewController.swift in Sources */ = {isa = PBXBuildFile; fileRef = 0BF16E65269208E0007F2F9B /* LibraryViewController.swift */; };
		0BF16E6C26920923007F2F9B /* AuthViewController.swift in Sources */ = {isa = PBXBuildFile; fileRef = 0BF16E6B26920923007F2F9B /* AuthViewController.swift */; };
		0BF16E7026920930007F2F9B /* WelcomeViewController.swift in Sources */ = {isa = PBXBuildFile; fileRef = 0BF16E6F26920930007F2F9B /* WelcomeViewController.swift */; };
		0BF16E7326920945007F2F9B /* SettingViewController.swift in Sources */ = {isa = PBXBuildFile; fileRef = 0BF16E7226920945007F2F9B /* SettingViewController.swift */; };
		0BF16E762692095E007F2F9B /* ProfileViewController.swift in Sources */ = {isa = PBXBuildFile; fileRef = 0BF16E752692095E007F2F9B /* ProfileViewController.swift */; };
		0BF16E792692096A007F2F9B /* PlayerViewController.swift in Sources */ = {isa = PBXBuildFile; fileRef = 0BF16E782692096A007F2F9B /* PlayerViewController.swift */; };
		0BF16E7C26920977007F2F9B /* PlaylistViewController.swift in Sources */ = {isa = PBXBuildFile; fileRef = 0BF16E7B26920977007F2F9B /* PlaylistViewController.swift */; };
		0BF16E7F26920999007F2F9B /* SearchResultViewController.swift in Sources */ = {isa = PBXBuildFile; fileRef = 0BF16E7E26920999007F2F9B /* SearchResultViewController.swift */; };
		0BF16E82269209BC007F2F9B /* AuthManager.swift in Sources */ = {isa = PBXBuildFile; fileRef = 0BF16E81269209BC007F2F9B /* AuthManager.swift */; };
		0BF16E85269209D2007F2F9B /* APICaller.swift in Sources */ = {isa = PBXBuildFile; fileRef = 0BF16E84269209D2007F2F9B /* APICaller.swift */; };
		0BF16E88269209E0007F2F9B /* HapticManagerView.swift in Sources */ = {isa = PBXBuildFile; fileRef = 0BF16E87269209E0007F2F9B /* HapticManagerView.swift */; };
		0BF16E8B26920A35007F2F9B /* Playlist.swift in Sources */ = {isa = PBXBuildFile; fileRef = 0BF16E8A26920A35007F2F9B /* Playlist.swift */; };
		0BF16E8E26920A44007F2F9B /* AudioTrack.swift in Sources */ = {isa = PBXBuildFile; fileRef = 0BF16E8D26920A44007F2F9B /* AudioTrack.swift */; };
		0BF16E9126920A55007F2F9B /* Artist.swift in Sources */ = {isa = PBXBuildFile; fileRef = 0BF16E9026920A55007F2F9B /* Artist.swift */; };
		0BF16E9426920A69007F2F9B /* UserProfile.swift in Sources */ = {isa = PBXBuildFile; fileRef = 0BF16E9326920A69007F2F9B /* UserProfile.swift */; };
		0BF698CE2691F47200B13E88 /* AppDelegate.swift in Sources */ = {isa = PBXBuildFile; fileRef = 0BF698CD2691F47200B13E88 /* AppDelegate.swift */; };
		0BF698D02691F47200B13E88 /* SceneDelegate.swift in Sources */ = {isa = PBXBuildFile; fileRef = 0BF698CF2691F47200B13E88 /* SceneDelegate.swift */; };
		0BF698D22691F47200B13E88 /* HomeViewController.swift in Sources */ = {isa = PBXBuildFile; fileRef = 0BF698D12691F47200B13E88 /* HomeViewController.swift */; };
		0BF698D72691F47400B13E88 /* Assets.xcassets in Resources */ = {isa = PBXBuildFile; fileRef = 0BF698D62691F47400B13E88 /* Assets.xcassets */; };
		0BF698DA2691F47500B13E88 /* LaunchScreen.storyboard in Resources */ = {isa = PBXBuildFile; fileRef = 0BF698D82691F47500B13E88 /* LaunchScreen.storyboard */; };
		6E3763A42FEBEAF77E4B6A07 /* Pods_Music.framework in Frameworks */ = {isa = PBXBuildFile; fileRef = 97D0B79D5610FF710124CE0D /* Pods_Music.framework */; };
/* End PBXBuildFile section */

/* Begin PBXFileReference section */
		0B381DBB269B5CD80037E9BA /* NewReleasesCellViewModel.swift */ = {isa = PBXFileReference; lastKnownFileType = sourcecode.swift; path = NewReleasesCellViewModel.swift; sourceTree = "<group>"; };
		0B381DBD269B7ADD0037E9BA /* FeaturedPlaylistCellViewModel.swift */ = {isa = PBXFileReference; lastKnownFileType = sourcecode.swift; path = FeaturedPlaylistCellViewModel.swift; sourceTree = "<group>"; };
		0B381DBF269B7B8F0037E9BA /* RecommendedTrackCollectionViewModel.swift */ = {isa = PBXFileReference; lastKnownFileType = sourcecode.swift; path = RecommendedTrackCollectionViewModel.swift; sourceTree = "<group>"; };
		0B3827FB2697745C009862A4 /* Extensions.swift */ = {isa = PBXFileReference; lastKnownFileType = sourcecode.swift; path = Extensions.swift; sourceTree = "<group>"; };
		0B6031F62698C64B007BD6E3 /* SettingsModel.swift */ = {isa = PBXFileReference; lastKnownFileType = sourcecode.swift; path = SettingsModel.swift; sourceTree = "<group>"; };
		0B78D7B0269789C5003BDE98 /* AuthResponse.swift */ = {isa = PBXFileReference; lastKnownFileType = sourcecode.swift; path = AuthResponse.swift; sourceTree = "<group>"; };
		0BAFCABC269A14110064CAE5 /* NewReleasesResponse.swift */ = {isa = PBXFileReference; lastKnownFileType = sourcecode.swift; path = NewReleasesResponse.swift; sourceTree = "<group>"; };
		0BAFCABE269A15E40064CAE5 /* APIImages.swift */ = {isa = PBXFileReference; lastKnownFileType = sourcecode.swift; path = APIImages.swift; sourceTree = "<group>"; };
		0BAFCAC0269A1A080064CAE5 /* FeaturedPlaylistResponse.swift */ = {isa = PBXFileReference; lastKnownFileType = sourcecode.swift; path = FeaturedPlaylistResponse.swift; sourceTree = "<group>"; };
		0BAFCAC2269A21090064CAE5 /* RecommendationGenres.swift */ = {isa = PBXFileReference; lastKnownFileType = sourcecode.swift; path = RecommendationGenres.swift; sourceTree = "<group>"; };
		0BAFCAC4269A251B0064CAE5 /* RecommendationReponse.swift */ = {isa = PBXFileReference; lastKnownFileType = sourcecode.swift; path = RecommendationReponse.swift; sourceTree = "<group>"; };
		0BAFCAC7269A39710064CAE5 /* NewReleaseCollectionViewCell.swift */ = {isa = PBXFileReference; lastKnownFileType = sourcecode.swift; path = NewReleaseCollectionViewCell.swift; sourceTree = "<group>"; };
		0BAFCAC9269A39A30064CAE5 /* FeaturedPlaylistCollectionViewCell.swift */ = {isa = PBXFileReference; lastKnownFileType = sourcecode.swift; path = FeaturedPlaylistCollectionViewCell.swift; sourceTree = "<group>"; };
		0BAFCACB269A39CB0064CAE5 /* RecommendedTrackCollectionViewCell.swift */ = {isa = PBXFileReference; lastKnownFileType = sourcecode.swift; path = RecommendedTrackCollectionViewCell.swift; sourceTree = "<group>"; };
		0BF16E5E26920841007F2F9B /* TabBarViewController.swift */ = {isa = PBXFileReference; lastKnownFileType = sourcecode.swift; path = TabBarViewController.swift; sourceTree = "<group>"; };
		0BF16E61269208B6007F2F9B /* SearchViewController.swift */ = {isa = PBXFileReference; lastKnownFileType = sourcecode.swift; path = SearchViewController.swift; sourceTree = "<group>"; };
		0BF16E65269208E0007F2F9B /* LibraryViewController.swift */ = {isa = PBXFileReference; lastKnownFileType = sourcecode.swift; path = LibraryViewController.swift; sourceTree = "<group>"; };
		0BF16E6B26920923007F2F9B /* AuthViewController.swift */ = {isa = PBXFileReference; lastKnownFileType = sourcecode.swift; path = AuthViewController.swift; sourceTree = "<group>"; };
		0BF16E6F26920930007F2F9B /* WelcomeViewController.swift */ = {isa = PBXFileReference; lastKnownFileType = sourcecode.swift; path = WelcomeViewController.swift; sourceTree = "<group>"; };
		0BF16E7226920945007F2F9B /* SettingViewController.swift */ = {isa = PBXFileReference; lastKnownFileType = sourcecode.swift; path = SettingViewController.swift; sourceTree = "<group>"; };
		0BF16E752692095E007F2F9B /* ProfileViewController.swift */ = {isa = PBXFileReference; lastKnownFileType = sourcecode.swift; path = ProfileViewController.swift; sourceTree = "<group>"; };
		0BF16E782692096A007F2F9B /* PlayerViewController.swift */ = {isa = PBXFileReference; lastKnownFileType = sourcecode.swift; path = PlayerViewController.swift; sourceTree = "<group>"; };
		0BF16E7B26920977007F2F9B /* PlaylistViewController.swift */ = {isa = PBXFileReference; lastKnownFileType = sourcecode.swift; path = PlaylistViewController.swift; sourceTree = "<group>"; };
		0BF16E7E26920999007F2F9B /* SearchResultViewController.swift */ = {isa = PBXFileReference; lastKnownFileType = sourcecode.swift; path = SearchResultViewController.swift; sourceTree = "<group>"; };
		0BF16E81269209BC007F2F9B /* AuthManager.swift */ = {isa = PBXFileReference; lastKnownFileType = sourcecode.swift; path = AuthManager.swift; sourceTree = "<group>"; };
		0BF16E84269209D2007F2F9B /* APICaller.swift */ = {isa = PBXFileReference; lastKnownFileType = sourcecode.swift; path = APICaller.swift; sourceTree = "<group>"; };
		0BF16E87269209E0007F2F9B /* HapticManagerView.swift */ = {isa = PBXFileReference; lastKnownFileType = sourcecode.swift; path = HapticManagerView.swift; sourceTree = "<group>"; };
		0BF16E8A26920A35007F2F9B /* Playlist.swift */ = {isa = PBXFileReference; lastKnownFileType = sourcecode.swift; path = Playlist.swift; sourceTree = "<group>"; };
		0BF16E8D26920A44007F2F9B /* AudioTrack.swift */ = {isa = PBXFileReference; lastKnownFileType = sourcecode.swift; path = AudioTrack.swift; sourceTree = "<group>"; };
		0BF16E9026920A55007F2F9B /* Artist.swift */ = {isa = PBXFileReference; lastKnownFileType = sourcecode.swift; path = Artist.swift; sourceTree = "<group>"; };
		0BF16E9326920A69007F2F9B /* UserProfile.swift */ = {isa = PBXFileReference; lastKnownFileType = sourcecode.swift; path = UserProfile.swift; sourceTree = "<group>"; };
		0BF698CA2691F47200B13E88 /* Music.app */ = {isa = PBXFileReference; explicitFileType = wrapper.application; includeInIndex = 0; path = Music.app; sourceTree = BUILT_PRODUCTS_DIR; };
		0BF698CD2691F47200B13E88 /* AppDelegate.swift */ = {isa = PBXFileReference; lastKnownFileType = sourcecode.swift; path = AppDelegate.swift; sourceTree = "<group>"; };
		0BF698CF2691F47200B13E88 /* SceneDelegate.swift */ = {isa = PBXFileReference; lastKnownFileType = sourcecode.swift; path = SceneDelegate.swift; sourceTree = "<group>"; };
		0BF698D12691F47200B13E88 /* HomeViewController.swift */ = {isa = PBXFileReference; lastKnownFileType = sourcecode.swift; path = HomeViewController.swift; sourceTree = "<group>"; };
		0BF698D62691F47400B13E88 /* Assets.xcassets */ = {isa = PBXFileReference; lastKnownFileType = folder.assetcatalog; path = Assets.xcassets; sourceTree = "<group>"; };
		0BF698D92691F47500B13E88 /* Base */ = {isa = PBXFileReference; lastKnownFileType = file.storyboard; name = Base; path = Base.lproj/LaunchScreen.storyboard; sourceTree = "<group>"; };
		0BF698DB2691F47500B13E88 /* Info.plist */ = {isa = PBXFileReference; lastKnownFileType = text.plist.xml; path = Info.plist; sourceTree = "<group>"; };
		21FED712259573504E50D1D2 /* Pods-Music.debug.xcconfig */ = {isa = PBXFileReference; includeInIndex = 1; lastKnownFileType = text.xcconfig; name = "Pods-Music.debug.xcconfig"; path = "Target Support Files/Pods-Music/Pods-Music.debug.xcconfig"; sourceTree = "<group>"; };
		7DBA3BAC5132243B7948781A /* Pods-Music.release.xcconfig */ = {isa = PBXFileReference; includeInIndex = 1; lastKnownFileType = text.xcconfig; name = "Pods-Music.release.xcconfig"; path = "Target Support Files/Pods-Music/Pods-Music.release.xcconfig"; sourceTree = "<group>"; };
		97D0B79D5610FF710124CE0D /* Pods_Music.framework */ = {isa = PBXFileReference; explicitFileType = wrapper.framework; includeInIndex = 0; path = Pods_Music.framework; sourceTree = BUILT_PRODUCTS_DIR; };
/* End PBXFileReference section */

/* Begin PBXFrameworksBuildPhase section */
		0BF698C72691F47200B13E88 /* Frameworks */ = {
			isa = PBXFrameworksBuildPhase;
			buildActionMask = 2147483647;
			files = (
				6E3763A42FEBEAF77E4B6A07 /* Pods_Music.framework in Frameworks */,
			);
			runOnlyForDeploymentPostprocessing = 0;
		};
/* End PBXFrameworksBuildPhase section */

/* Begin PBXGroup section */
		0BAFCAC6269A39400064CAE5 /* Browse */ = {
			isa = PBXGroup;
			children = (
				0BAFCAC7269A39710064CAE5 /* NewReleaseCollectionViewCell.swift */,
				0BAFCAC9269A39A30064CAE5 /* FeaturedPlaylistCollectionViewCell.swift */,
				0BAFCACB269A39CB0064CAE5 /* RecommendedTrackCollectionViewCell.swift */,
			);
			path = Browse;
			sourceTree = "<group>";
		};
		0BD7AC2B26920581001CD9A2 /* Controller */ = {
			isa = PBXGroup;
			children = (
				0BF16E6A2692090A007F2F9B /* other */,
				0BF16E69269208EA007F2F9B /* main */,
			);
			path = Controller;
			sourceTree = "<group>";
		};
		0BD7AC2C26920589001CD9A2 /* View */ = {
			isa = PBXGroup;
			children = (
				0BAFCAC6269A39400064CAE5 /* Browse */,
				0BF698D82691F47500B13E88 /* LaunchScreen.storyboard */,
			);
			path = View;
			sourceTree = "<group>";
		};
		0BD7AC2D26920591001CD9A2 /* Model */ = {
			isa = PBXGroup;
			children = (
				0BF16E8A26920A35007F2F9B /* Playlist.swift */,
				0BF16E8D26920A44007F2F9B /* AudioTrack.swift */,
				0BF16E9026920A55007F2F9B /* Artist.swift */,
				0BF16E9326920A69007F2F9B /* UserProfile.swift */,
				0B78D7B0269789C5003BDE98 /* AuthResponse.swift */,
				0B6031F62698C64B007BD6E3 /* SettingsModel.swift */,
				0BAFCABC269A14110064CAE5 /* NewReleasesResponse.swift */,
				0BAFCABE269A15E40064CAE5 /* APIImages.swift */,
				0BAFCAC0269A1A080064CAE5 /* FeaturedPlaylistResponse.swift */,
				0BAFCAC2269A21090064CAE5 /* RecommendationGenres.swift */,
				0BAFCAC4269A251B0064CAE5 /* RecommendationReponse.swift */,
			);
			path = Model;
			sourceTree = "<group>";
		};
		0BD7AC2E269205B0001CD9A2 /* ViewModels */ = {
			isa = PBXGroup;
			children = (
				0B381DBB269B5CD80037E9BA /* NewReleasesCellViewModel.swift */,
				0B381DBD269B7ADD0037E9BA /* FeaturedPlaylistCellViewModel.swift */,
				0B381DBF269B7B8F0037E9BA /* RecommendedTrackCollectionViewModel.swift */,
			);
			path = ViewModels;
			sourceTree = "<group>";
		};
		0BD7AC2F269205B7001CD9A2 /* Managers */ = {
			isa = PBXGroup;
			children = (
				0BF16E81269209BC007F2F9B /* AuthManager.swift */,
				0BF16E84269209D2007F2F9B /* APICaller.swift */,
				0BF16E87269209E0007F2F9B /* HapticManagerView.swift */,
			);
			path = Managers;
			sourceTree = "<group>";
		};
		0BD7AC30269205C1001CD9A2 /* Resources */ = {
			isa = PBXGroup;
			children = (
				0BF698D62691F47400B13E88 /* Assets.xcassets */,
				0BF698CD2691F47200B13E88 /* AppDelegate.swift */,
				0BF698CF2691F47200B13E88 /* SceneDelegate.swift */,
				0B3827FB2697745C009862A4 /* Extensions.swift */,
			);
			path = Resources;
			sourceTree = "<group>";
		};
		0BF16E69269208EA007F2F9B /* main */ = {
			isa = PBXGroup;
			children = (
				0BF698D12691F47200B13E88 /* HomeViewController.swift */,
				0BF16E5E26920841007F2F9B /* TabBarViewController.swift */,
				0BF16E61269208B6007F2F9B /* SearchViewController.swift */,
				0BF16E65269208E0007F2F9B /* LibraryViewController.swift */,
			);
			path = main;
			sourceTree = "<group>";
		};
		0BF16E6A2692090A007F2F9B /* other */ = {
			isa = PBXGroup;
			children = (
				0BF16E6B26920923007F2F9B /* AuthViewController.swift */,
				0BF16E6F26920930007F2F9B /* WelcomeViewController.swift */,
				0BF16E7226920945007F2F9B /* SettingViewController.swift */,
				0BF16E752692095E007F2F9B /* ProfileViewController.swift */,
				0BF16E782692096A007F2F9B /* PlayerViewController.swift */,
				0BF16E7B26920977007F2F9B /* PlaylistViewController.swift */,
				0BF16E7E26920999007F2F9B /* SearchResultViewController.swift */,
			);
			path = other;
			sourceTree = "<group>";
		};
		0BF698C12691F47200B13E88 = {
			isa = PBXGroup;
			children = (
				0BF698CC2691F47200B13E88 /* Music */,
				0BF698CB2691F47200B13E88 /* Products */,
				D5C0B9987447AE678B52D9D9 /* Pods */,
				F5380BD825C6459DA50E79BE /* Frameworks */,
			);
			sourceTree = "<group>";
		};
		0BF698CB2691F47200B13E88 /* Products */ = {
			isa = PBXGroup;
			children = (
				0BF698CA2691F47200B13E88 /* Music.app */,
			);
			name = Products;
			sourceTree = "<group>";
		};
		0BF698CC2691F47200B13E88 /* Music */ = {
			isa = PBXGroup;
			children = (
				0BD7AC30269205C1001CD9A2 /* Resources */,
				0BD7AC2F269205B7001CD9A2 /* Managers */,
				0BD7AC2E269205B0001CD9A2 /* ViewModels */,
				0BD7AC2D26920591001CD9A2 /* Model */,
				0BD7AC2C26920589001CD9A2 /* View */,
				0BD7AC2B26920581001CD9A2 /* Controller */,
				0BF698DB2691F47500B13E88 /* Info.plist */,
			);
			path = Music;
			sourceTree = "<group>";
		};
		D5C0B9987447AE678B52D9D9 /* Pods */ = {
			isa = PBXGroup;
			children = (
				21FED712259573504E50D1D2 /* Pods-Music.debug.xcconfig */,
				7DBA3BAC5132243B7948781A /* Pods-Music.release.xcconfig */,
			);
			path = Pods;
			sourceTree = "<group>";
		};
		F5380BD825C6459DA50E79BE /* Frameworks */ = {
			isa = PBXGroup;
			children = (
				97D0B79D5610FF710124CE0D /* Pods_Music.framework */,
			);
			name = Frameworks;
			sourceTree = "<group>";
		};
/* End PBXGroup section */

/* Begin PBXNativeTarget section */
		0BF698C92691F47200B13E88 /* Music */ = {
			isa = PBXNativeTarget;
			buildConfigurationList = 0BF698DE2691F47500B13E88 /* Build configuration list for PBXNativeTarget "Music" */;
			buildPhases = (
				A500E4AC8A5C0D1752BBC425 /* [CP] Check Pods Manifest.lock */,
				0BF698C62691F47200B13E88 /* Sources */,
				0BF698C72691F47200B13E88 /* Frameworks */,
				0BF698C82691F47200B13E88 /* Resources */,
				710485084BE9960725B10D7E /* [CP] Embed Pods Frameworks */,
			);
			buildRules = (
			);
			dependencies = (
			);
			name = Music;
			productName = Music;
			productReference = 0BF698CA2691F47200B13E88 /* Music.app */;
			productType = "com.apple.product-type.application";
		};
/* End PBXNativeTarget section */

/* Begin PBXProject section */
		0BF698C22691F47200B13E88 /* Project object */ = {
			isa = PBXProject;
			attributes = {
				LastSwiftUpdateCheck = 1230;
				LastUpgradeCheck = 1230;
				TargetAttributes = {
					0BF698C92691F47200B13E88 = {
						CreatedOnToolsVersion = 12.3;
					};
				};
			};
			buildConfigurationList = 0BF698C52691F47200B13E88 /* Build configuration list for PBXProject "Music" */;
			compatibilityVersion = "Xcode 9.3";
			developmentRegion = en;
			hasScannedForEncodings = 0;
			knownRegions = (
				en,
				Base,
			);
			mainGroup = 0BF698C12691F47200B13E88;
			productRefGroup = 0BF698CB2691F47200B13E88 /* Products */;
			projectDirPath = "";
			projectRoot = "";
			targets = (
				0BF698C92691F47200B13E88 /* Music */,
			);
		};
/* End PBXProject section */

/* Begin PBXResourcesBuildPhase section */
		0BF698C82691F47200B13E88 /* Resources */ = {
			isa = PBXResourcesBuildPhase;
			buildActionMask = 2147483647;
			files = (
				0BF698DA2691F47500B13E88 /* LaunchScreen.storyboard in Resources */,
				0BF698D72691F47400B13E88 /* Assets.xcassets in Resources */,
			);
			runOnlyForDeploymentPostprocessing = 0;
		};
/* End PBXResourcesBuildPhase section */

/* Begin PBXShellScriptBuildPhase section */
		710485084BE9960725B10D7E /* [CP] Embed Pods Frameworks */ = {
			isa = PBXShellScriptBuildPhase;
			buildActionMask = 2147483647;
			files = (
			);
			inputFileListPaths = (
				"${PODS_ROOT}/Target Support Files/Pods-Music/Pods-Music-frameworks-${CONFIGURATION}-input-files.xcfilelist",
			);
			name = "[CP] Embed Pods Frameworks";
			outputFileListPaths = (
				"${PODS_ROOT}/Target Support Files/Pods-Music/Pods-Music-frameworks-${CONFIGURATION}-output-files.xcfilelist",
			);
			runOnlyForDeploymentPostprocessing = 0;
			shellPath = /bin/sh;
			shellScript = "\"${PODS_ROOT}/Target Support Files/Pods-Music/Pods-Music-frameworks.sh\"\n";
			showEnvVarsInLog = 0;
		};
		A500E4AC8A5C0D1752BBC425 /* [CP] Check Pods Manifest.lock */ = {
			isa = PBXShellScriptBuildPhase;
			buildActionMask = 2147483647;
			files = (
			);
			inputFileListPaths = (
			);
			inputPaths = (
				"${PODS_PODFILE_DIR_PATH}/Podfile.lock",
				"${PODS_ROOT}/Manifest.lock",
			);
			name = "[CP] Check Pods Manifest.lock";
			outputFileListPaths = (
			);
			outputPaths = (
				"$(DERIVED_FILE_DIR)/Pods-Music-checkManifestLockResult.txt",
			);
			runOnlyForDeploymentPostprocessing = 0;
			shellPath = /bin/sh;
			shellScript = "diff \"${PODS_PODFILE_DIR_PATH}/Podfile.lock\" \"${PODS_ROOT}/Manifest.lock\" > /dev/null\nif [ $? != 0 ] ; then\n    # print error to STDERR\n    echo \"error: The sandbox is not in sync with the Podfile.lock. Run 'pod install' or update your CocoaPods installation.\" >&2\n    exit 1\nfi\n# This output is used by Xcode 'outputs' to avoid re-running this script phase.\necho \"SUCCESS\" > \"${SCRIPT_OUTPUT_FILE_0}\"\n";
			showEnvVarsInLog = 0;
		};
/* End PBXShellScriptBuildPhase section */

/* Begin PBXSourcesBuildPhase section */
		0BF698C62691F47200B13E88 /* Sources */ = {
			isa = PBXSourcesBuildPhase;
			buildActionMask = 2147483647;
			files = (
				0BF16E62269208B6007F2F9B /* SearchViewController.swift in Sources */,
				0BF16E8B26920A35007F2F9B /* Playlist.swift in Sources */,
				0BF16E7026920930007F2F9B /* WelcomeViewController.swift in Sources */,
				0B381DBC269B5CD80037E9BA /* NewReleasesCellViewModel.swift in Sources */,
				0BF16E762692095E007F2F9B /* ProfileViewController.swift in Sources */,
				0B381DBE269B7ADD0037E9BA /* FeaturedPlaylistCellViewModel.swift in Sources */,
				0BAFCAC1269A1A080064CAE5 /* FeaturedPlaylistResponse.swift in Sources */,
				0BF16E5F26920841007F2F9B /* TabBarViewController.swift in Sources */,
				0BF698D22691F47200B13E88 /* HomeViewController.swift in Sources */,
				0BF16E6C26920923007F2F9B /* AuthViewController.swift in Sources */,
				0BAFCACC269A39CB0064CAE5 /* RecommendedTrackCollectionViewCell.swift in Sources */,
				0BF16E7326920945007F2F9B /* SettingViewController.swift in Sources */,
				0B78D7B1269789C5003BDE98 /* AuthResponse.swift in Sources */,
				0BAFCABD269A14110064CAE5 /* NewReleasesResponse.swift in Sources */,
				0BF16E8E26920A44007F2F9B /* AudioTrack.swift in Sources */,
				0BF698CE2691F47200B13E88 /* AppDelegate.swift in Sources */,
				0BF16E7C26920977007F2F9B /* PlaylistViewController.swift in Sources */,
				0BAFCAC8269A39710064CAE5 /* NewReleaseCollectionViewCell.swift in Sources */,
				0B6031F72698C64B007BD6E3 /* SettingsModel.swift in Sources */,
				0BAFCACA269A39A30064CAE5 /* FeaturedPlaylistCollectionViewCell.swift in Sources */,
				0BAFCAC5269A251B0064CAE5 /* RecommendationReponse.swift in Sources */,
				0BF16E85269209D2007F2F9B /* APICaller.swift in Sources */,
				0BF16E9426920A69007F2F9B /* UserProfile.swift in Sources */,
				0B3827FC2697745C009862A4 /* Extensions.swift in Sources */,
				0BAFCABF269A15E40064CAE5 /* APIImages.swift in Sources */,
				0BF16E66269208E0007F2F9B /* LibraryViewController.swift in Sources */,
				0BF16E9126920A55007F2F9B /* Artist.swift in Sources */,
				0BF16E792692096A007F2F9B /* PlayerViewController.swift in Sources */,
				0BF16E7F26920999007F2F9B /* SearchResultViewController.swift in Sources */,
				0BAFCAC3269A21090064CAE5 /* RecommendationGenres.swift in Sources */,
				0BF16E88269209E0007F2F9B /* HapticManagerView.swift in Sources */,
				0BF16E82269209BC007F2F9B /* AuthManager.swift in Sources */,
				0B381DC0269B7B8F0037E9BA /* RecommendedTrackCollectionViewModel.swift in Sources */,
				0BF698D02691F47200B13E88 /* SceneDelegate.swift in Sources */,
			);
			runOnlyForDeploymentPostprocessing = 0;
		};
/* End PBXSourcesBuildPhase section */

/* Begin PBXVariantGroup section */
		0BF698D82691F47500B13E88 /* LaunchScreen.storyboard */ = {
			isa = PBXVariantGroup;
			children = (
				0BF698D92691F47500B13E88 /* Base */,
			);
			name = LaunchScreen.storyboard;
			sourceTree = "<group>";
		};
/* End PBXVariantGroup section */

/* Begin XCBuildConfiguration section */
		0BF698DC2691F47500B13E88 /* Debug */ = {
			isa = XCBuildConfiguration;
			buildSettings = {
				ALWAYS_SEARCH_USER_PATHS = NO;
				CLANG_ANALYZER_NONNULL = YES;
				CLANG_ANALYZER_NUMBER_OBJECT_CONVERSION = YES_AGGRESSIVE;
				CLANG_CXX_LANGUAGE_STANDARD = "gnu++14";
				CLANG_CXX_LIBRARY = "libc++";
				CLANG_ENABLE_MODULES = YES;
				CLANG_ENABLE_OBJC_ARC = YES;
				CLANG_ENABLE_OBJC_WEAK = YES;
				CLANG_WARN_BLOCK_CAPTURE_AUTORELEASING = YES;
				CLANG_WARN_BOOL_CONVERSION = YES;
				CLANG_WARN_COMMA = YES;
				CLANG_WARN_CONSTANT_CONVERSION = YES;
				CLANG_WARN_DEPRECATED_OBJC_IMPLEMENTATIONS = YES;
				CLANG_WARN_DIRECT_OBJC_ISA_USAGE = YES_ERROR;
				CLANG_WARN_DOCUMENTATION_COMMENTS = YES;
				CLANG_WARN_EMPTY_BODY = YES;
				CLANG_WARN_ENUM_CONVERSION = YES;
				CLANG_WARN_INFINITE_RECURSION = YES;
				CLANG_WARN_INT_CONVERSION = YES;
				CLANG_WARN_NON_LITERAL_NULL_CONVERSION = YES;
				CLANG_WARN_OBJC_IMPLICIT_RETAIN_SELF = YES;
				CLANG_WARN_OBJC_LITERAL_CONVERSION = YES;
				CLANG_WARN_OBJC_ROOT_CLASS = YES_ERROR;
				CLANG_WARN_QUOTED_INCLUDE_IN_FRAMEWORK_HEADER = YES;
				CLANG_WARN_RANGE_LOOP_ANALYSIS = YES;
				CLANG_WARN_STRICT_PROTOTYPES = YES;
				CLANG_WARN_SUSPICIOUS_MOVE = YES;
				CLANG_WARN_UNGUARDED_AVAILABILITY = YES_AGGRESSIVE;
				CLANG_WARN_UNREACHABLE_CODE = YES;
				CLANG_WARN__DUPLICATE_METHOD_MATCH = YES;
				COPY_PHASE_STRIP = NO;
				DEBUG_INFORMATION_FORMAT = dwarf;
				ENABLE_STRICT_OBJC_MSGSEND = YES;
				ENABLE_TESTABILITY = YES;
				GCC_C_LANGUAGE_STANDARD = gnu11;
				GCC_DYNAMIC_NO_PIC = NO;
				GCC_NO_COMMON_BLOCKS = YES;
				GCC_OPTIMIZATION_LEVEL = 0;
				GCC_PREPROCESSOR_DEFINITIONS = (
					"DEBUG=1",
					"$(inherited)",
				);
				GCC_WARN_64_TO_32_BIT_CONVERSION = YES;
				GCC_WARN_ABOUT_RETURN_TYPE = YES_ERROR;
				GCC_WARN_UNDECLARED_SELECTOR = YES;
				GCC_WARN_UNINITIALIZED_AUTOS = YES_AGGRESSIVE;
				GCC_WARN_UNUSED_FUNCTION = YES;
				GCC_WARN_UNUSED_VARIABLE = YES;
				IPHONEOS_DEPLOYMENT_TARGET = 14.3;
				MTL_ENABLE_DEBUG_INFO = INCLUDE_SOURCE;
				MTL_FAST_MATH = YES;
				ONLY_ACTIVE_ARCH = YES;
				SDKROOT = iphoneos;
				SWIFT_ACTIVE_COMPILATION_CONDITIONS = DEBUG;
				SWIFT_OPTIMIZATION_LEVEL = "-Onone";
			};
			name = Debug;
		};
		0BF698DD2691F47500B13E88 /* Release */ = {
			isa = XCBuildConfiguration;
			buildSettings = {
				ALWAYS_SEARCH_USER_PATHS = NO;
				CLANG_ANALYZER_NONNULL = YES;
				CLANG_ANALYZER_NUMBER_OBJECT_CONVERSION = YES_AGGRESSIVE;
				CLANG_CXX_LANGUAGE_STANDARD = "gnu++14";
				CLANG_CXX_LIBRARY = "libc++";
				CLANG_ENABLE_MODULES = YES;
				CLANG_ENABLE_OBJC_ARC = YES;
				CLANG_ENABLE_OBJC_WEAK = YES;
				CLANG_WARN_BLOCK_CAPTURE_AUTORELEASING = YES;
				CLANG_WARN_BOOL_CONVERSION = YES;
				CLANG_WARN_COMMA = YES;
				CLANG_WARN_CONSTANT_CONVERSION = YES;
				CLANG_WARN_DEPRECATED_OBJC_IMPLEMENTATIONS = YES;
				CLANG_WARN_DIRECT_OBJC_ISA_USAGE = YES_ERROR;
				CLANG_WARN_DOCUMENTATION_COMMENTS = YES;
				CLANG_WARN_EMPTY_BODY = YES;
				CLANG_WARN_ENUM_CONVERSION = YES;
				CLANG_WARN_INFINITE_RECURSION = YES;
				CLANG_WARN_INT_CONVERSION = YES;
				CLANG_WARN_NON_LITERAL_NULL_CONVERSION = YES;
				CLANG_WARN_OBJC_IMPLICIT_RETAIN_SELF = YES;
				CLANG_WARN_OBJC_LITERAL_CONVERSION = YES;
				CLANG_WARN_OBJC_ROOT_CLASS = YES_ERROR;
				CLANG_WARN_QUOTED_INCLUDE_IN_FRAMEWORK_HEADER = YES;
				CLANG_WARN_RANGE_LOOP_ANALYSIS = YES;
				CLANG_WARN_STRICT_PROTOTYPES = YES;
				CLANG_WARN_SUSPICIOUS_MOVE = YES;
				CLANG_WARN_UNGUARDED_AVAILABILITY = YES_AGGRESSIVE;
				CLANG_WARN_UNREACHABLE_CODE = YES;
				CLANG_WARN__DUPLICATE_METHOD_MATCH = YES;
				COPY_PHASE_STRIP = NO;
				DEBUG_INFORMATION_FORMAT = "dwarf-with-dsym";
				ENABLE_NS_ASSERTIONS = NO;
				ENABLE_STRICT_OBJC_MSGSEND = YES;
				GCC_C_LANGUAGE_STANDARD = gnu11;
				GCC_NO_COMMON_BLOCKS = YES;
				GCC_WARN_64_TO_32_BIT_CONVERSION = YES;
				GCC_WARN_ABOUT_RETURN_TYPE = YES_ERROR;
				GCC_WARN_UNDECLARED_SELECTOR = YES;
				GCC_WARN_UNINITIALIZED_AUTOS = YES_AGGRESSIVE;
				GCC_WARN_UNUSED_FUNCTION = YES;
				GCC_WARN_UNUSED_VARIABLE = YES;
				IPHONEOS_DEPLOYMENT_TARGET = 14.3;
				MTL_ENABLE_DEBUG_INFO = NO;
				MTL_FAST_MATH = YES;
				SDKROOT = iphoneos;
				SWIFT_COMPILATION_MODE = wholemodule;
				SWIFT_OPTIMIZATION_LEVEL = "-O";
				VALIDATE_PRODUCT = YES;
			};
			name = Release;
		};
		0BF698DF2691F47500B13E88 /* Debug */ = {
			isa = XCBuildConfiguration;
			baseConfigurationReference = 21FED712259573504E50D1D2 /* Pods-Music.debug.xcconfig */;
			buildSettings = {
				ASSETCATALOG_COMPILER_APPICON_NAME = AppIcon;
				ASSETCATALOG_COMPILER_GLOBAL_ACCENT_COLOR_NAME = AccentColor;
				CODE_SIGN_STYLE = Automatic;
				INFOPLIST_FILE = Music/Info.plist;
				LD_RUNPATH_SEARCH_PATHS = (
					"$(inherited)",
					"@executable_path/Frameworks",
				);
				PRODUCT_BUNDLE_IDENTIFIER = dalveersingh.Music;
				PRODUCT_NAME = "$(TARGET_NAME)";
				SWIFT_VERSION = 5.0;
				TARGETED_DEVICE_FAMILY = "1,2";
			};
			name = Debug;
		};
		0BF698E02691F47500B13E88 /* Release */ = {
			isa = XCBuildConfiguration;
			baseConfigurationReference = 7DBA3BAC5132243B7948781A /* Pods-Music.release.xcconfig */;
			buildSettings = {
				ASSETCATALOG_COMPILER_APPICON_NAME = AppIcon;
				ASSETCATALOG_COMPILER_GLOBAL_ACCENT_COLOR_NAME = AccentColor;
				CODE_SIGN_STYLE = Automatic;
				INFOPLIST_FILE = Music/Info.plist;
				LD_RUNPATH_SEARCH_PATHS = (
					"$(inherited)",
					"@executable_path/Frameworks",
				);
				PRODUCT_BUNDLE_IDENTIFIER = dalveersingh.Music;
				PRODUCT_NAME = "$(TARGET_NAME)";
				SWIFT_VERSION = 5.0;
				TARGETED_DEVICE_FAMILY = "1,2";
			};
			name = Release;
		};
/* End XCBuildConfiguration section */

/* Begin XCConfigurationList section */
		0BF698C52691F47200B13E88 /* Build configuration list for PBXProject "Music" */ = {
			isa = XCConfigurationList;
			buildConfigurations = (
				0BF698DC2691F47500B13E88 /* Debug */,
				0BF698DD2691F47500B13E88 /* Release */,
			);
			defaultConfigurationIsVisible = 0;
			defaultConfigurationName = Release;
		};
		0BF698DE2691F47500B13E88 /* Build configuration list for PBXNativeTarget "Music" */ = {
			isa = XCConfigurationList;
			buildConfigurations = (
				0BF698DF2691F47500B13E88 /* Debug */,
				0BF698E02691F47500B13E88 /* Release */,
			);
			defaultConfigurationIsVisible = 0;
			defaultConfigurationName = Release;
		};
/* End XCConfigurationList section */
	};
	rootObject = 0BF698C22691F47200B13E88 /* Project object */;
}
